
Microsoft Visual Studio Solution File, Format Version 12.00
# Visual Studio 14
VisualStudioVersion = 14.0.24720.0
MinimumVisualStudioVersion = 10.0.40219.1
Project("{FAE04EC0-301F-11D3-BF4B-00C04F79EFBC}") = "Simple VM", "Simple VM\Simple VM.csproj", "{BFFCA856-1AD5-4B33-9924-E8C84F4B5E72}"
EndProject
Project("{FAE04EC0-301F-11D3-BF4B-00C04F79EFBC}") = "Common.cs", "Common.cs\Common.cs.csproj", "{865D5D04-E97D-49DE-832E-4485D119A964}"
EndProject
Global
	GlobalSection(SolutionConfigurationPlatforms) = preSolution
		Debug|Any CPU = Debug|Any CPU
		Release|Any CPU = Release|Any CPU
	EndGlobalSection
	GlobalSection(ProjectConfigurationPlatforms) = postSolution
		{BFFCA856-1AD5-4B33-9924-E8C84F4B5E72}.Debug|Any CPU.ActiveCfg = Debug|Any CPU
		{BFFCA856-1AD5-4B33-9924-E8C84F4B5E72}.Debug|Any CPU.Build.0 = Debug|Any CPU
		{BFFCA856-1AD5-4B33-9924-E8C84F4B5E72}.Release|Any CPU.ActiveCfg = Release|Any CPU
		{BFFCA856-1AD5-4B33-9924-E8C84F4B5E72}.Release|Any CPU.Build.0 = Release|Any CPU
		{865D5D04-E97D-49DE-832E-4485D119A964}.Debug|Any CPU.ActiveCfg = Debug|Any CPU
		{865D5D04-E97D-49DE-832E-4485D119A964}.Debug|Any CPU.Build.0 = Debug|Any CPU
		{865D5D04-E97D-49DE-832E-4485D119A964}.Release|Any CPU.ActiveCfg = Release|Any CPU
		{865D5D04-E97D-49DE-832E-4485D119A964}.Release|Any CPU.Build.0 = Release|Any CPU
	EndGlobalSection
	GlobalSection(SolutionProperties) = preSolution
		HideSolutionNode = FALSE
	EndGlobalSection
EndGlobal
